
Microsoft Visual Studio Solution File, Format Version 12.00
# Visual Studio Version 17
VisualStudioVersion = 17.2.32505.173
MinimumVisualStudioVersion = 10.0.40219.1
Project("{FAE04EC0-301F-11D3-BF4B-00C04F79EFBC}") = "Empresa_Financeira", "Empresa_Financeira\Empresa_Financeira.csproj", "{BAA8FA26-1EB4-4581-BD06-482DD1B95FE8}"
EndProject
Global
	GlobalSection(SolutionConfigurationPlatforms) = preSolution
		Debug|Any CPU = Debug|Any CPU
		Release|Any CPU = Release|Any CPU
	EndGlobalSection
	GlobalSection(ProjectConfigurationPlatforms) = postSolution
		{BAA8FA26-1EB4-4581-BD06-482DD1B95FE8}.Debug|Any CPU.ActiveCfg = Debug|Any CPU
		{BAA8FA26-1EB4-4581-BD06-482DD1B95FE8}.Debug|Any CPU.Build.0 = Debug|Any CPU
		{BAA8FA26-1EB4-4581-BD06-482DD1B95FE8}.Release|Any CPU.ActiveCfg = Release|Any CPU
		{BAA8FA26-1EB4-4581-BD06-482DD1B95FE8}.Release|Any CPU.Build.0 = Release|Any CPU
	EndGlobalSection
	GlobalSection(SolutionProperties) = preSolution
		HideSolutionNode = FALSE
	EndGlobalSection
	GlobalSection(ExtensibilityGlobals) = postSolution
		SolutionGuid = {3C2354BB-C037-4E19-9799-5DF1EAB2E84E}
	EndGlobalSection
EndGlobal
